// !$*UTF8*$!
{
	archiveVersion = 1;
	classes = {
	};
	objectVersion = 46;
	objects = {

/* Begin PBXBuildFile section */
		14FE3AD51B2603B300CAB3FC /* main.c in Sources */ = {isa = PBXBuildFile; fileRef = 14FE3AD41B2603B300CAB3FC /* main.c */; };
		14FE3ADD1B2603C900CAB3FC /* pcb.c in Sources */ = {isa = PBXBuildFile; fileRef = 14FE3ADB1B2603C900CAB3FC /* pcb.c */; };
/* End PBXBuildFile section */

/* Begin PBXCopyFilesBuildPhase section */
		14FE3ACF1B2603B300CAB3FC /* CopyFiles */ = {
			isa = PBXCopyFilesBuildPhase;
			buildActionMask = 2147483647;
			dstPath = /usr/share/man/man1/;
			dstSubfolderSpec = 0;
			files = (
			);
			runOnlyForDeploymentPostprocessing = 1;
		};
/* End PBXCopyFilesBuildPhase section */

/* Begin PBXFileReference section */
		14FE3AD11B2603B300CAB3FC /* Process */ = {isa = PBXFileReference; explicitFileType = "compiled.mach-o.executable"; includeInIndex = 0; path = Process; sourceTree = BUILT_PRODUCTS_DIR; };
		14FE3AD41B2603B300CAB3FC /* main.c */ = {isa = PBXFileReference; lastKnownFileType = sourcecode.c.c; path = main.c; sourceTree = "<group>"; };
		14FE3ADB1B2603C900CAB3FC /* pcb.c */ = {isa = PBXFileReference; fileEncoding = 4; lastKnownFileType = sourcecode.c.c; path = pcb.c; sourceTree = "<group>"; };
		14FE3ADC1B2603C900CAB3FC /* pcb.h */ = {isa = PBXFileReference; fileEncoding = 4; lastKnownFileType = sourcecode.c.h; path = pcb.h; sourceTree = "<group>"; };
/* End PBXFileReference section */

/* Begin PBXFrameworksBuildPhase section */
		14FE3ACE1B2603B300CAB3FC /* Frameworks */ = {
			isa = PBXFrameworksBuildPhase;
			buildActionMask = 2147483647;
			files = (
			);
			runOnlyForDeploymentPostprocessing = 0;
		};
/* End PBXFrameworksBuildPhase section */

/* Begin PBXGroup section */
		14FE3AC81B2603B300CAB3FC = {
			isa = PBXGroup;
			children = (
				14FE3AD31B2603B300CAB3FC /* Process */,
				14FE3AD21B2603B300CAB3FC /* Products */,
			);
			sourceTree = "<group>";
		};
		14FE3AD21B2603B300CAB3FC /* Products */ = {
			isa = PBXGroup;
			children = (
				14FE3AD11B2603B300CAB3FC /* Process */,
			);
			name = Products;
			sourceTree = "<group>";
		};
		14FE3AD31B2603B300CAB3FC /* Process */ = {
			isa = PBXGroup;
			children = (
				14FE3AD41B2603B300CAB3FC /* main.c */,
				14FE3ADB1B2603C900CAB3FC /* pcb.c */,
				14FE3ADC1B2603C900CAB3FC /* pcb.h */,
			);
			path = Process;
			sourceTree = "<group>";
		};
/* End PBXGroup section */

/* Begin PBXNativeTarget section */
		14FE3AD01B2603B300CAB3FC /* Process */ = {
			isa = PBXNativeTarget;
			buildConfigurationList = 14FE3AD81B2603B300CAB3FC /* Build configuration list for PBXNativeTarget "Process" */;
			buildPhases = (
				14FE3ACD1B2603B300CAB3FC /* Sources */,
				14FE3ACE1B2603B300CAB3FC /* Frameworks */,
				14FE3ACF1B2603B300CAB3FC /* CopyFiles */,
			);
			buildRules = (
			);
			dependencies = (
			);
			name = Process;
			productName = Process;
			productReference = 14FE3AD11B2603B300CAB3FC /* Process */;
			productType = "com.apple.product-type.tool";
		};
/* End PBXNativeTarget section */

/* Begin PBXProject section */
		14FE3AC91B2603B300CAB3FC /* Project object */ = {
			isa = PBXProject;
			attributes = {
				LastUpgradeCheck = 0630;
				ORGANIZATIONNAME = qiaoyao;
				TargetAttributes = {
					14FE3AD01B2603B300CAB3FC = {
						CreatedOnToolsVersion = 6.3.2;
					};
				};
			};
			buildConfigurationList = 14FE3ACC1B2603B300CAB3FC /* Build configuration list for PBXProject "Process" */;
			compatibilityVersion = "Xcode 3.2";
			developmentRegion = English;
			hasScannedForEncodings = 0;
			knownRegions = (
				en,
			);
			mainGroup = 14FE3AC81B2603B300CAB3FC;
			productRefGroup = 14FE3AD21B2603B300CAB3FC /* Products */;
			projectDirPath = "";
			projectRoot = "";
			targets = (
				14FE3AD01B2603B300CAB3FC /* Process */,
			);
		};
/* End PBXProject section */

/* Begin PBXSourcesBuildPhase section */
		14FE3ACD1B2603B300CAB3FC /* Sources */ = {
			isa = PBXSourcesBuildPhase;
			buildActionMask = 2147483647;
			files = (
				14FE3AD51B2603B300CAB3FC /* main.c in Sources */,
				14FE3ADD1B2603C900CAB3FC /* pcb.c in Sources */,
			);
			runOnlyForDeploymentPostprocessing = 0;
		};
/* End PBXSourcesBuildPhase section */

/* Begin XCBuildConfiguration section */
		14FE3AD61B2603B300CAB3FC /* Debug */ = {
			isa = XCBuildConfiguration;
			buildSettings = {
				ALWAYS_SEARCH_USER_PATHS = NO;
				CLANG_CXX_LANGUAGE_STANDARD = "gnu++0x";
				CLANG_CXX_LIBRARY = "libc++";
				CLANG_ENABLE_MODULES = YES;
				CLANG_ENABLE_OBJC_ARC = YES;
				CLANG_WARN_BOOL_CONVERSION = YES;
				CLANG_WARN_CONSTANT_CONVERSION = YES;
				CLANG_WARN_DIRECT_OBJC_ISA_USAGE = YES_ERROR;
				CLANG_WARN_EMPTY_BODY = YES;
				CLANG_WARN_ENUM_CONVERSION = YES;
				CLANG_WARN_INT_CONVERSION = YES;
				CLANG_WARN_OBJC_ROOT_CLASS = YES_ERROR;
				CLANG_WARN_UNREACHABLE_CODE = YES;
				CLANG_WARN__DUPLICATE_METHOD_MATCH = YES;
				COPY_PHASE_STRIP = NO;
				DEBUG_INFORMATION_FORMAT = dwarf;
				ENABLE_STRICT_OBJC_MSGSEND = YES;
				GCC_C_LANGUAGE_STANDARD = gnu99;
				GCC_DYNAMIC_NO_PIC = NO;
				GCC_NO_COMMON_BLOCKS = YES;
				GCC_OPTIMIZATION_LEVEL = 0;
				GCC_PREPROCESSOR_DEFINITIONS = (
					"DEBUG=1",
					"$(inherited)",
				);
				GCC_SYMBOLS_PRIVATE_EXTERN = NO;
				GCC_WARN_64_TO_32_BIT_CONVERSION = YES;
				GCC_WARN_ABOUT_RETURN_TYPE = YES_ERROR;
				GCC_WARN_UNDECLARED_SELECTOR = YES;
				GCC_WARN_UNINITIALIZED_AUTOS = YES_AGGRESSIVE;
				GCC_WARN_UNUSED_FUNCTION = YES;
				GCC_WARN_UNUSED_VARIABLE = YES;
				MACOSX_DEPLOYMENT_TARGET = 10.10;
				MTL_ENABLE_DEBUG_INFO = YES;
				ONLY_ACTIVE_ARCH = YES;
				SDKROOT = macosx;
			};
			name = Debug;
		};
		14FE3AD71B2603B300CAB3FC /* Release */ = {
			isa = XCBuildConfiguration;
			buildSettings = {
				ALWAYS_SEARCH_USER_PATHS = NO;
				CLANG_CXX_LANGUAGE_STANDARD = "gnu++0x";
				CLANG_CXX_LIBRARY = "libc++";
				CLANG_ENABLE_MODULES = YES;
				CLANG_ENABLE_OBJC_ARC = YES;
				CLANG_WARN_BOOL_CONVERSION = YES;
				CLANG_WARN_CONSTANT_CONVERSION = YES;
				CLANG_WARN_DIRECT_OBJC_ISA_USAGE = YES_ERROR;
				CLANG_WARN_EMPTY_BODY = YES;
				CLANG_WARN_ENUM_CONVERSION = YES;
				CLANG_WARN_INT_CONVERSION = YES;
				CLANG_WARN_OBJC_ROOT_CLASS = YES_ERROR;
				CLANG_WARN_UNREACHABLE_CODE = YES;
				CLANG_WARN__DUPLICATE_METHOD_MATCH = YES;
				COPY_PHASE_STRIP = NO;
				DEBUG_INFORMATION_FORMAT = "dwarf-with-dsym";
				ENABLE_NS_ASSERTIONS = NO;
				ENABLE_STRICT_OBJC_MSGSEND = YES;
				GCC_C_LANGUAGE_STANDARD = gnu99;
				GCC_NO_COMMON_BLOCKS = YES;
				GCC_WARN_64_TO_32_BIT_CONVERSION = YES;
				GCC_WARN_ABOUT_RETURN_TYPE = YES_ERROR;
				GCC_WARN_UNDECLARED_SELECTOR = YES;
				GCC_WARN_UNINITIALIZED_AUTOS = YES_AGGRESSIVE;
				GCC_WARN_UNUSED_FUNCTION = YES;
				GCC_WARN_UNUSED_VARIABLE = YES;
				MACOSX_DEPLOYMENT_TARGET = 10.10;
				MTL_ENABLE_DEBUG_INFO = NO;
				SDKROOT = macosx;
			};
			name = Release;
		};
		14FE3AD91B2603B300CAB3FC /* Debug */ = {
			isa = XCBuildConfiguration;
			buildSettings = {
				PRODUCT_NAME = "$(TARGET_NAME)";
			};
			name = Debug;
		};
		14FE3ADA1B2603B300CAB3FC /* Release */ = {
			isa = XCBuildConfiguration;
			buildSettings = {
				PRODUCT_NAME = "$(TARGET_NAME)";
			};
			name = Release;
		};
/* End XCBuildConfiguration section */

/* Begin XCConfigurationList section */
		14FE3ACC1B2603B300CAB3FC /* Build configuration list for PBXProject "Process" */ = {
			isa = XCConfigurationList;
			buildConfigurations = (
				14FE3AD61B2603B300CAB3FC /* Debug */,
				14FE3AD71B2603B300CAB3FC /* Release */,
			);
			defaultConfigurationIsVisible = 0;
			defaultConfigurationName = Release;
		};
		14FE3AD81B2603B300CAB3FC /* Build configuration list for PBXNativeTarget "Process" */ = {
			isa = XCConfigurationList;
			buildConfigurations = (
				14FE3AD91B2603B300CAB3FC /* Debug */,
				14FE3ADA1B2603B300CAB3FC /* Release */,
			);
			defaultConfigurationIsVisible = 0;
		};
/* End XCConfigurationList section */
	};
	rootObject = 14FE3AC91B2603B300CAB3FC /* Project object */;
}
